// !$*UTF8*$!
{
	archiveVersion = 1;
	classes = {
	};
	objectVersion = 77;
	objects = {

/* Begin PBXContainerItemProxy section */
		7F4219662DC0E37C00ADD4C2 /* PBXContainerItemProxy */ = {
			isa = PBXContainerItemProxy;
			containerPortal = 7F42194B2DC0E37900ADD4C2 /* Project object */;
			proxyType = 1;
			remoteGlobalIDString = 7F4219522DC0E37900ADD4C2;
			remoteInfo = MovieRater;
		};
		7F4219702DC0E37C00ADD4C2 /* PBXContainerItemProxy */ = {
			isa = PBXContainerItemProxy;
			containerPortal = 7F42194B2DC0E37900ADD4C2 /* Project object */;
			proxyType = 1;
			remoteGlobalIDString = 7F4219522DC0E37900ADD4C2;
			remoteInfo = MovieRater;
		};
/* End PBXContainerItemProxy section */

/* Begin PBXFileReference section */
		7F4219532DC0E37900ADD4C2 /* MovieRater.app */ = {isa = PBXFileReference; explicitFileType = wrapper.application; includeInIndex = 0; path = MovieRater.app; sourceTree = BUILT_PRODUCTS_DIR; };
		7F4219652DC0E37C00ADD4C2 /* MovieRaterTests.xctest */ = {isa = PBXFileReference; explicitFileType = wrapper.cfbundle; includeInIndex = 0; path = MovieRaterTests.xctest; sourceTree = BUILT_PRODUCTS_DIR; };
		7F42196F2DC0E37C00ADD4C2 /* MovieRaterUITests.xctest */ = {isa = PBXFileReference; explicitFileType = wrapper.cfbundle; includeInIndex = 0; path = MovieRaterUITests.xctest; sourceTree = BUILT_PRODUCTS_DIR; };
/* End PBXFileReference section */

/* Begin PBXFileSystemSynchronizedRootGroup section */
		7F4219552DC0E37900ADD4C2 /* MovieRater */ = {
			isa = PBXFileSystemSynchronizedRootGroup;
			path = MovieRater;
			sourceTree = "<group>";
		};
		7F4219682DC0E37C00ADD4C2 /* MovieRaterTests */ = {
			isa = PBXFileSystemSynchronizedRootGroup;
			path = MovieRaterTests;
			sourceTree = "<group>";
		};
		7F4219722DC0E37C00ADD4C2 /* MovieRaterUITests */ = {
			isa = PBXFileSystemSynchronizedRootGroup;
			path = MovieRaterUITests;
			sourceTree = "<group>";
		};
/* End PBXFileSystemSynchronizedRootGroup section */

/* Begin PBXFrameworksBuildPhase section */
		7F4219502DC0E37900ADD4C2 /* Frameworks */ = {
			isa = PBXFrameworksBuildPhase;
			buildActionMask = 2147483647;
			files = (
			);
			runOnlyForDeploymentPostprocessing = 0;
		};
		7F4219622DC0E37C00ADD4C2 /* Frameworks */ = {
			isa = PBXFrameworksBuildPhase;
			buildActionMask = 2147483647;
			files = (
			);
			runOnlyForDeploymentPostprocessing = 0;
		};
		7F42196C2DC0E37C00ADD4C2 /* Frameworks */ = {
			isa = PBXFrameworksBuildPhase;
			buildActionMask = 2147483647;
			files = (
			);
			runOnlyForDeploymentPostprocessing = 0;
		};
/* End PBXFrameworksBuildPhase section */

/* Begin PBXGroup section */
		7F42194A2DC0E37900ADD4C2 = {
			isa = PBXGroup;
			children = (
				7F4219552DC0E37900ADD4C2 /* MovieRater */,
				7F4219682DC0E37C00ADD4C2 /* MovieRaterTests */,
				7F4219722DC0E37C00ADD4C2 /* MovieRaterUITests */,
				7F4219542DC0E37900ADD4C2 /* Products */,
			);
			sourceTree = "<group>";
		};
		7F4219542DC0E37900ADD4C2 /* Products */ = {
			isa = PBXGroup;
			children = (
				7F4219532DC0E37900ADD4C2 /* MovieRater.app */,
				7F4219652DC0E37C00ADD4C2 /* MovieRaterTests.xctest */,
				7F42196F2DC0E37C00ADD4C2 /* MovieRaterUITests.xctest */,
			);
			name = Products;
			sourceTree = "<group>";
		};
/* End PBXGroup section */

/* Begin PBXNativeTarget section */
		7F4219522DC0E37900ADD4C2 /* MovieRater */ = {
			isa = PBXNativeTarget;
			buildConfigurationList = 7F4219792DC0E37C00ADD4C2 /* Build configuration list for PBXNativeTarget "MovieRater" */;
			buildPhases = (
				7F42194F2DC0E37900ADD4C2 /* Sources */,
				7F4219502DC0E37900ADD4C2 /* Frameworks */,
				7F4219512DC0E37900ADD4C2 /* Resources */,
			);
			buildRules = (
			);
			dependencies = (
			);
			fileSystemSynchronizedGroups = (
				7F4219552DC0E37900ADD4C2 /* MovieRater */,
			);
			name = MovieRater;
			packageProductDependencies = (
			);
			productName = MovieRater;
			productReference = 7F4219532DC0E37900ADD4C2 /* MovieRater.app */;
			productType = "com.apple.product-type.application";
		};
		7F4219642DC0E37C00ADD4C2 /* MovieRaterTests */ = {
			isa = PBXNativeTarget;
			buildConfigurationList = 7F42197C2DC0E37C00ADD4C2 /* Build configuration list for PBXNativeTarget "MovieRaterTests" */;
			buildPhases = (
				7F4219612DC0E37C00ADD4C2 /* Sources */,
				7F4219622DC0E37C00ADD4C2 /* Frameworks */,
				7F4219632DC0E37C00ADD4C2 /* Resources */,
			);
			buildRules = (
			);
			dependencies = (
				7F4219672DC0E37C00ADD4C2 /* PBXTargetDependency */,
			);
			fileSystemSynchronizedGroups = (
				7F4219682DC0E37C00ADD4C2 /* MovieRaterTests */,
			);
			name = MovieRaterTests;
			packageProductDependencies = (
			);
			productName = MovieRaterTests;
			productReference = 7F4219652DC0E37C00ADD4C2 /* MovieRaterTests.xctest */;
			productType = "com.apple.product-type.bundle.unit-test";
		};
		7F42196E2DC0E37C00ADD4C2 /* MovieRaterUITests */ = {
			isa = PBXNativeTarget;
			buildConfigurationList = 7F42197F2DC0E37C00ADD4C2 /* Build configuration list for PBXNativeTarget "MovieRaterUITests" */;
			buildPhases = (
				7F42196B2DC0E37C00ADD4C2 /* Sources */,
				7F42196C2DC0E37C00ADD4C2 /* Frameworks */,
				7F42196D2DC0E37C00ADD4C2 /* Resources */,
			);
			buildRules = (
			);
			dependencies = (
				7F4219712DC0E37C00ADD4C2 /* PBXTargetDependency */,
			);
			fileSystemSynchronizedGroups = (
				7F4219722DC0E37C00ADD4C2 /* MovieRaterUITests */,
			);
			name = MovieRaterUITests;
			packageProductDependencies = (
			);
			productName = MovieRaterUITests;
			productReference = 7F42196F2DC0E37C00ADD4C2 /* MovieRaterUITests.xctest */;
			productType = "com.apple.product-type.bundle.ui-testing";
		};
/* End PBXNativeTarget section */

/* Begin PBXProject section */
		7F42194B2DC0E37900ADD4C2 /* Project object */ = {
			isa = PBXProject;
			attributes = {
				BuildIndependentTargetsInParallel = 1;
				LastSwiftUpdateCheck = 1620;
				LastUpgradeCheck = 1620;
				TargetAttributes = {
					7F4219522DC0E37900ADD4C2 = {
						CreatedOnToolsVersion = 16.2;
					};
					7F4219642DC0E37C00ADD4C2 = {
						CreatedOnToolsVersion = 16.2;
						TestTargetID = 7F4219522DC0E37900ADD4C2;
					};
					7F42196E2DC0E37C00ADD4C2 = {
						CreatedOnToolsVersion = 16.2;
						TestTargetID = 7F4219522DC0E37900ADD4C2;
					};
				};
			};
			buildConfigurationList = 7F42194E2DC0E37900ADD4C2 /* Build configuration list for PBXProject "MovieRater" */;
			developmentRegion = en;
			hasScannedForEncodings = 0;
			knownRegions = (
				en,
				Base,
			);
			mainGroup = 7F42194A2DC0E37900ADD4C2;
			minimizedProjectReferenceProxies = 1;
			preferredProjectObjectVersion = 77;
			productRefGroup = 7F4219542DC0E37900ADD4C2 /* Products */;
			projectDirPath = "";
			projectRoot = "";
			targets = (
				7F4219522DC0E37900ADD4C2 /* MovieRater */,
				7F4219642DC0E37C00ADD4C2 /* MovieRaterTests */,
				7F42196E2DC0E37C00ADD4C2 /* MovieRaterUITests */,
			);
		};
/* End PBXProject section */

/* Begin PBXResourcesBuildPhase section */
		7F4219512DC0E37900ADD4C2 /* Resources */ = {
			isa = PBXResourcesBuildPhase;
			buildActionMask = 2147483647;
			files = (
			);
			runOnlyForDeploymentPostprocessing = 0;
		};
		7F4219632DC0E37C00ADD4C2 /* Resources */ = {
			isa = PBXResourcesBuildPhase;
			buildActionMask = 2147483647;
			files = (
			);
			runOnlyForDeploymentPostprocessing = 0;
		};
		7F42196D2DC0E37C00ADD4C2 /* Resources */ = {
			isa = PBXResourcesBuildPhase;
			buildActionMask = 2147483647;
			files = (
			);
			runOnlyForDeploymentPostprocessing = 0;
		};
/* End PBXResourcesBuildPhase section */

/* Begin PBXSourcesBuildPhase section */
		7F42194F2DC0E37900ADD4C2 /* Sources */ = {
			isa = PBXSourcesBuildPhase;
			buildActionMask = 2147483647;
			files = (
			);
			runOnlyForDeploymentPostprocessing = 0;
		};
		7F4219612DC0E37C00ADD4C2 /* Sources */ = {
			isa = PBXSourcesBuildPhase;
			buildActionMask = 2147483647;
			files = (
			);
			runOnlyForDeploymentPostprocessing = 0;
		};
		7F42196B2DC0E37C00ADD4C2 /* Sources */ = {
			isa = PBXSourcesBuildPhase;
			buildActionMask = 2147483647;
			files = (
			);
			runOnlyForDeploymentPostprocessing = 0;
		};
/* End PBXSourcesBuildPhase section */

/* Begin PBXTargetDependency section */
		7F4219672DC0E37C00ADD4C2 /* PBXTargetDependency */ = {
			isa = PBXTargetDependency;
			target = 7F4219522DC0E37900ADD4C2 /* MovieRater */;
			targetProxy = 7F4219662DC0E37C00ADD4C2 /* PBXContainerItemProxy */;
		};
		7F4219712DC0E37C00ADD4C2 /* PBXTargetDependency */ = {
			isa = PBXTargetDependency;
			target = 7F4219522DC0E37900ADD4C2 /* MovieRater */;
			targetProxy = 7F4219702DC0E37C00ADD4C2 /* PBXContainerItemProxy */;
		};
/* End PBXTargetDependency section */

/* Begin XCBuildConfiguration section */
		7F4219772DC0E37C00ADD4C2 /* Debug */ = {
			isa = XCBuildConfiguration;
			buildSettings = {
				ALWAYS_SEARCH_USER_PATHS = NO;
				ASSETCATALOG_COMPILER_GENERATE_SWIFT_ASSET_SYMBOL_EXTENSIONS = YES;
				CLANG_ANALYZER_NONNULL = YES;
				CLANG_ANALYZER_NUMBER_OBJECT_CONVERSION = YES_AGGRESSIVE;
				CLANG_CXX_LANGUAGE_STANDARD = "gnu++20";
				CLANG_ENABLE_MODULES = YES;
				CLANG_ENABLE_OBJC_ARC = YES;
				CLANG_ENABLE_OBJC_WEAK = YES;
				CLANG_WARN_BLOCK_CAPTURE_AUTORELEASING = YES;
				CLANG_WARN_BOOL_CONVERSION = YES;
				CLANG_WARN_COMMA = YES;
				CLANG_WARN_CONSTANT_CONVERSION = YES;
				CLANG_WARN_DEPRECATED_OBJC_IMPLEMENTATIONS = YES;
				CLANG_WARN_DIRECT_OBJC_ISA_USAGE = YES_ERROR;
				CLANG_WARN_DOCUMENTATION_COMMENTS = YES;
				CLANG_WARN_EMPTY_BODY = YES;
				CLANG_WARN_ENUM_CONVERSION = YES;
				CLANG_WARN_INFINITE_RECURSION = YES;
				CLANG_WARN_INT_CONVERSION = YES;
				CLANG_WARN_NON_LITERAL_NULL_CONVERSION = YES;
				CLANG_WARN_OBJC_IMPLICIT_RETAIN_SELF = YES;
				CLANG_WARN_OBJC_LITERAL_CONVERSION = YES;
				CLANG_WARN_OBJC_ROOT_CLASS = YES_ERROR;
				CLANG_WARN_QUOTED_INCLUDE_IN_FRAMEWORK_HEADER = YES;
				CLANG_WARN_RANGE_LOOP_ANALYSIS = YES;
				CLANG_WARN_STRICT_PROTOTYPES = YES;
				CLANG_WARN_SUSPICIOUS_MOVE = YES;
				CLANG_WARN_UNGUARDED_AVAILABILITY = YES_AGGRESSIVE;
				CLANG_WARN_UNREACHABLE_CODE = YES;
				CLANG_WARN__DUPLICATE_METHOD_MATCH = YES;
				COPY_PHASE_STRIP = NO;
				DEBUG_INFORMATION_FORMAT = dwarf;
				ENABLE_STRICT_OBJC_MSGSEND = YES;
				ENABLE_TESTABILITY = YES;
				ENABLE_USER_SCRIPT_SANDBOXING = YES;
				GCC_C_LANGUAGE_STANDARD = gnu17;
				GCC_DYNAMIC_NO_PIC = NO;
				GCC_NO_COMMON_BLOCKS = YES;
				GCC_OPTIMIZATION_LEVEL = 0;
				GCC_PREPROCESSOR_DEFINITIONS = (
					"DEBUG=1",
					"$(inherited)",
				);
				GCC_WARN_64_TO_32_BIT_CONVERSION = YES;
				GCC_WARN_ABOUT_RETURN_TYPE = YES_ERROR;
				GCC_WARN_UNDECLARED_SELECTOR = YES;
				GCC_WARN_UNINITIALIZED_AUTOS = YES_AGGRESSIVE;
				GCC_WARN_UNUSED_FUNCTION = YES;
				GCC_WARN_UNUSED_VARIABLE = YES;
				IPHONEOS_DEPLOYMENT_TARGET = 18.2;
				LOCALIZATION_PREFERS_STRING_CATALOGS = YES;
				MTL_ENABLE_DEBUG_INFO = INCLUDE_SOURCE;
				MTL_FAST_MATH = YES;
				ONLY_ACTIVE_ARCH = YES;
				SDKROOT = iphoneos;
				SWIFT_ACTIVE_COMPILATION_CONDITIONS = "DEBUG $(inherited)";
				SWIFT_OPTIMIZATION_LEVEL = "-Onone";
			};
			name = Debug;
		};
		7F4219782DC0E37C00ADD4C2 /* Release */ = {
			isa = XCBuildConfiguration;
			buildSettings = {
				ALWAYS_SEARCH_USER_PATHS = NO;
				ASSETCATALOG_COMPILER_GENERATE_SWIFT_ASSET_SYMBOL_EXTENSIONS = YES;
				CLANG_ANALYZER_NONNULL = YES;
				CLANG_ANALYZER_NUMBER_OBJECT_CONVERSION = YES_AGGRESSIVE;
				CLANG_CXX_LANGUAGE_STANDARD = "gnu++20";
				CLANG_ENABLE_MODULES = YES;
				CLANG_ENABLE_OBJC_ARC = YES;
				CLANG_ENABLE_OBJC_WEAK = YES;
				CLANG_WARN_BLOCK_CAPTURE_AUTORELEASING = YES;
				CLANG_WARN_BOOL_CONVERSION = YES;
				CLANG_WARN_COMMA = YES;
				CLANG_WARN_CONSTANT_CONVERSION = YES;
				CLANG_WARN_DEPRECATED_OBJC_IMPLEMENTATIONS = YES;
				CLANG_WARN_DIRECT_OBJC_ISA_USAGE = YES_ERROR;
				CLANG_WARN_DOCUMENTATION_COMMENTS = YES;
				CLANG_WARN_EMPTY_BODY = YES;
				CLANG_WARN_ENUM_CONVERSION = YES;
				CLANG_WARN_INFINITE_RECURSION = YES;
				CLANG_WARN_INT_CONVERSION = YES;
				CLANG_WARN_NON_LITERAL_NULL_CONVERSION = YES;
				CLANG_WARN_OBJC_IMPLICIT_RETAIN_SELF = YES;
				CLANG_WARN_OBJC_LITERAL_CONVERSION = YES;
				CLANG_WARN_OBJC_ROOT_CLASS = YES_ERROR;
				CLANG_WARN_QUOTED_INCLUDE_IN_FRAMEWORK_HEADER = YES;
				CLANG_WARN_RANGE_LOOP_ANALYSIS = YES;
				CLANG_WARN_STRICT_PROTOTYPES = YES;
				CLANG_WARN_SUSPICIOUS_MOVE = YES;
				CLANG_WARN_UNGUARDED_AVAILABILITY = YES_AGGRESSIVE;
				CLANG_WARN_UNREACHABLE_CODE = YES;
				CLANG_WARN__DUPLICATE_METHOD_MATCH = YES;
				COPY_PHASE_STRIP = NO;
				DEBUG_INFORMATION_FORMAT = "dwarf-with-dsym";
				ENABLE_NS_ASSERTIONS = NO;
				ENABLE_STRICT_OBJC_MSGSEND = YES;
				ENABLE_USER_SCRIPT_SANDBOXING = YES;
				GCC_C_LANGUAGE_STANDARD = gnu17;
				GCC_NO_COMMON_BLOCKS = YES;
				GCC_WARN_64_TO_32_BIT_CONVERSION = YES;
				GCC_WARN_ABOUT_RETURN_TYPE = YES_ERROR;
				GCC_WARN_UNDECLARED_SELECTOR = YES;
				GCC_WARN_UNINITIALIZED_AUTOS = YES_AGGRESSIVE;
				GCC_WARN_UNUSED_FUNCTION = YES;
				GCC_WARN_UNUSED_VARIABLE = YES;
				IPHONEOS_DEPLOYMENT_TARGET = 18.2;
				LOCALIZATION_PREFERS_STRING_CATALOGS = YES;
				MTL_ENABLE_DEBUG_INFO = NO;
				MTL_FAST_MATH = YES;
				SDKROOT = iphoneos;
				SWIFT_COMPILATION_MODE = wholemodule;
				VALIDATE_PRODUCT = YES;
			};
			name = Release;
		};
		7F42197A2DC0E37C00ADD4C2 /* Debug */ = {
			isa = XCBuildConfiguration;
			buildSettings = {
				ASSETCATALOG_COMPILER_APPICON_NAME = AppIcon;
				ASSETCATALOG_COMPILER_GLOBAL_ACCENT_COLOR_NAME = AccentColor;
				CODE_SIGN_STYLE = Automatic;
				CURRENT_PROJECT_VERSION = 1;
				DEVELOPMENT_ASSET_PATHS = "\"MovieRater/Preview Content\"";
				ENABLE_PREVIEWS = YES;
				GENERATE_INFOPLIST_FILE = YES;
				INFOPLIST_KEY_UIApplicationSceneManifest_Generation = YES;
				INFOPLIST_KEY_UIApplicationSupportsIndirectInputEvents = YES;
				INFOPLIST_KEY_UILaunchScreen_Generation = YES;
				INFOPLIST_KEY_UISupportedInterfaceOrientations_iPad = "UIInterfaceOrientationPortrait UIInterfaceOrientationPortraitUpsideDown UIInterfaceOrientationLandscapeLeft UIInterfaceOrientationLandscapeRight";
				INFOPLIST_KEY_UISupportedInterfaceOrientations_iPhone = "UIInterfaceOrientationPortrait UIInterfaceOrientationLandscapeLeft UIInterfaceOrientationLandscapeRight";
				LD_RUNPATH_SEARCH_PATHS = (
					"$(inherited)",
					"@executable_path/Frameworks",
				);
				MARKETING_VERSION = 1.0;
				PRODUCT_BUNDLE_IDENTIFIER = jennytellne.MovieRater;
				PRODUCT_NAME = "$(TARGET_NAME)";
				SWIFT_EMIT_LOC_STRINGS = YES;
				SWIFT_VERSION = 5.0;
				TARGETED_DEVICE_FAMILY = "1,2";
			};
			name = Debug;
		};
		7F42197B2DC0E37C00ADD4C2 /* Release */ = {
			isa = XCBuildConfiguration;
			buildSettings = {
				ASSETCATALOG_COMPILER_APPICON_NAME = AppIcon;
				ASSETCATALOG_COMPILER_GLOBAL_ACCENT_COLOR_NAME = AccentColor;
				CODE_SIGN_STYLE = Automatic;
				CURRENT_PROJECT_VERSION = 1;
				DEVELOPMENT_ASSET_PATHS = "\"MovieRater/Preview Content\"";
				ENABLE_PREVIEWS = YES;
				GENERATE_INFOPLIST_FILE = YES;
				INFOPLIST_KEY_UIApplicationSceneManifest_Generation = YES;
				INFOPLIST_KEY_UIApplicationSupportsIndirectInputEvents = YES;
				INFOPLIST_KEY_UILaunchScreen_Generation = YES;
				INFOPLIST_KEY_UISupportedInterfaceOrientations_iPad = "UIInterfaceOrientationPortrait UIInterfaceOrientationPortraitUpsideDown UIInterfaceOrientationLandscapeLeft UIInterfaceOrientationLandscapeRight";
				INFOPLIST_KEY_UISupportedInterfaceOrientations_iPhone = "UIInterfaceOrientationPortrait UIInterfaceOrientationLandscapeLeft UIInterfaceOrientationLandscapeRight";
				LD_RUNPATH_SEARCH_PATHS = (
					"$(inherited)",
					"@executable_path/Frameworks",
				);
				MARKETING_VERSION = 1.0;
				PRODUCT_BUNDLE_IDENTIFIER = jennytellne.MovieRater;
				PRODUCT_NAME = "$(TARGET_NAME)";
				SWIFT_EMIT_LOC_STRINGS = YES;
				SWIFT_VERSION = 5.0;
				TARGETED_DEVICE_FAMILY = "1,2";
			};
			name = Release;
		};
		7F42197D2DC0E37C00ADD4C2 /* Debug */ = {
			isa = XCBuildConfiguration;
			buildSettings = {
				BUNDLE_LOADER = "$(TEST_HOST)";
				CODE_SIGN_STYLE = Automatic;
				CURRENT_PROJECT_VERSION = 1;
				GENERATE_INFOPLIST_FILE = YES;
				IPHONEOS_DEPLOYMENT_TARGET = 18.2;
				MARKETING_VERSION = 1.0;
				PRODUCT_BUNDLE_IDENTIFIER = jennytellne.MovieRaterTests;
				PRODUCT_NAME = "$(TARGET_NAME)";
				SWIFT_EMIT_LOC_STRINGS = NO;
				SWIFT_VERSION = 5.0;
				TARGETED_DEVICE_FAMILY = "1,2";
				TEST_HOST = "$(BUILT_PRODUCTS_DIR)/MovieRater.app/$(BUNDLE_EXECUTABLE_FOLDER_PATH)/MovieRater";
			};
			name = Debug;
		};
		7F42197E2DC0E37C00ADD4C2 /* Release */ = {
			isa = XCBuildConfiguration;
			buildSettings = {
				BUNDLE_LOADER = "$(TEST_HOST)";
				CODE_SIGN_STYLE = Automatic;
				CURRENT_PROJECT_VERSION = 1;
				GENERATE_INFOPLIST_FILE = YES;
				IPHONEOS_DEPLOYMENT_TARGET = 18.2;
				MARKETING_VERSION = 1.0;
				PRODUCT_BUNDLE_IDENTIFIER = jennytellne.MovieRaterTests;
				PRODUCT_NAME = "$(TARGET_NAME)";
				SWIFT_EMIT_LOC_STRINGS = NO;
				SWIFT_VERSION = 5.0;
				TARGETED_DEVICE_FAMILY = "1,2";
				TEST_HOST = "$(BUILT_PRODUCTS_DIR)/MovieRater.app/$(BUNDLE_EXECUTABLE_FOLDER_PATH)/MovieRater";
			};
			name = Release;
		};
		7F4219802DC0E37C00ADD4C2 /* Debug */ = {
			isa = XCBuildConfiguration;
			buildSettings = {
				CODE_SIGN_STYLE = Automatic;
				CURRENT_PROJECT_VERSION = 1;
				GENERATE_INFOPLIST_FILE = YES;
				MARKETING_VERSION = 1.0;
				PRODUCT_BUNDLE_IDENTIFIER = jennytellne.MovieRaterUITests;
				PRODUCT_NAME = "$(TARGET_NAME)";
				SWIFT_EMIT_LOC_STRINGS = NO;
				SWIFT_VERSION = 5.0;
				TARGETED_DEVICE_FAMILY = "1,2";
				TEST_TARGET_NAME = MovieRater;
			};
			name = Debug;
		};
		7F4219812DC0E37C00ADD4C2 /* Release */ = {
			isa = XCBuildConfiguration;
			buildSettings = {
				CODE_SIGN_STYLE = Automatic;
				CURRENT_PROJECT_VERSION = 1;
				GENERATE_INFOPLIST_FILE = YES;
				MARKETING_VERSION = 1.0;
				PRODUCT_BUNDLE_IDENTIFIER = jennytellne.MovieRaterUITests;
				PRODUCT_NAME = "$(TARGET_NAME)";
				SWIFT_EMIT_LOC_STRINGS = NO;
				SWIFT_VERSION = 5.0;
				TARGETED_DEVICE_FAMILY = "1,2";
				TEST_TARGET_NAME = MovieRater;
			};
			name = Release;
		};
/* End XCBuildConfiguration section */

/* Begin XCConfigurationList section */
		7F42194E2DC0E37900ADD4C2 /* Build configuration list for PBXProject "MovieRater" */ = {
			isa = XCConfigurationList;
			buildConfigurations = (
				7F4219772DC0E37C00ADD4C2 /* Debug */,
				7F4219782DC0E37C00ADD4C2 /* Release */,
			);
			defaultConfigurationIsVisible = 0;
			defaultConfigurationName = Release;
		};
		7F4219792DC0E37C00ADD4C2 /* Build configuration list for PBXNativeTarget "MovieRater" */ = {
			isa = XCConfigurationList;
			buildConfigurations = (
				7F42197A2DC0E37C00ADD4C2 /* Debug */,
				7F42197B2DC0E37C00ADD4C2 /* Release */,
			);
			defaultConfigurationIsVisible = 0;
			defaultConfigurationName = Release;
		};
		7F42197C2DC0E37C00ADD4C2 /* Build configuration list for PBXNativeTarget "MovieRaterTests" */ = {
			isa = XCConfigurationList;
			buildConfigurations = (
				7F42197D2DC0E37C00ADD4C2 /* Debug */,
				7F42197E2DC0E37C00ADD4C2 /* Release */,
			);
			defaultConfigurationIsVisible = 0;
			defaultConfigurationName = Release;
		};
		7F42197F2DC0E37C00ADD4C2 /* Build configuration list for PBXNativeTarget "MovieRaterUITests" */ = {
			isa = XCConfigurationList;
			buildConfigurations = (
				7F4219802DC0E37C00ADD4C2 /* Debug */,
				7F4219812DC0E37C00ADD4C2 /* Release */,
			);
			defaultConfigurationIsVisible = 0;
			defaultConfigurationName = Release;
		};
/* End XCConfigurationList section */
	};
	rootObject = 7F42194B2DC0E37900ADD4C2 /* Project object */;
}
